
Microsoft Visual Studio Solution File, Format Version 12.00
# Visual Studio Version 16
VisualStudioVersion = 16.0.30717.126
MinimumVisualStudioVersion = 10.0.40219.1
Project("{FAE04EC0-301F-11D3-BF4B-00C04F79EFBC}") = "FirstTask", "FirstTask.csproj", "{CA41DBA7-D7D6-439E-B20F-82D4F5DFB736}"
EndProject
Global
	GlobalSection(SolutionConfigurationPlatforms) = preSolution
		Debug|Any CPU = Debug|Any CPU
		Release|Any CPU = Release|Any CPU
	EndGlobalSection
	GlobalSection(ProjectConfigurationPlatforms) = postSolution
		{CA41DBA7-D7D6-439E-B20F-82D4F5DFB736}.Debug|Any CPU.ActiveCfg = Debug|Any CPU
		{CA41DBA7-D7D6-439E-B20F-82D4F5DFB736}.Debug|Any CPU.Build.0 = Debug|Any CPU
		{CA41DBA7-D7D6-439E-B20F-82D4F5DFB736}.Release|Any CPU.ActiveCfg = Release|Any CPU
		{CA41DBA7-D7D6-439E-B20F-82D4F5DFB736}.Release|Any CPU.Build.0 = Release|Any CPU
	EndGlobalSection
	GlobalSection(SolutionProperties) = preSolution
		HideSolutionNode = FALSE
	EndGlobalSection
	GlobalSection(ExtensibilityGlobals) = postSolution
		SolutionGuid = {953244B0-54A2-44BF-A24B-1B8FA6A8CF9C}
	EndGlobalSection
EndGlobal
